
Microsoft Visual Studio Solution File, Format Version 12.00
# Visual Studio Version 17
VisualStudioVersion = 17.7.34009.444
MinimumVisualStudioVersion = 10.0.40219.1
Project("{9A19103F-16F7-4668-BE54-9A1E7A4F7556}") = "HardwareMon", "HardwareMon\HardwareMon.csproj", "{CF548623-D706-4B88-81FB-516CD61D145C}"
EndProject
Project("{9A19103F-16F7-4668-BE54-9A1E7A4F7556}") = "HardwareMon.Grpc", "HardwareMon.Grpc\HardwareMon.Grpc.csproj", "{3F3C1C4A-2F02-4A9B-A4E6-30B4DC11703B}"
EndProject
Project("{9A19103F-16F7-4668-BE54-9A1E7A4F7556}") = "HardwareMon.UI", "HardwareMon.UI\HardwareMon.UI.csproj", "{EF8A23DB-C82B-4974-BF88-D86EACE3BAD9}"
EndProject
Global
	GlobalSection(SolutionConfigurationPlatforms) = preSolution
		Debug|Any CPU = Debug|Any CPU
		Release|Any CPU = Release|Any CPU
	EndGlobalSection
	GlobalSection(ProjectConfigurationPlatforms) = postSolution
		{CF548623-D706-4B88-81FB-516CD61D145C}.Debug|Any CPU.ActiveCfg = Debug|Any CPU
		{CF548623-D706-4B88-81FB-516CD61D145C}.Debug|Any CPU.Build.0 = Debug|Any CPU
		{CF548623-D706-4B88-81FB-516CD61D145C}.Release|Any CPU.ActiveCfg = Release|Any CPU
		{CF548623-D706-4B88-81FB-516CD61D145C}.Release|Any CPU.Build.0 = Release|Any CPU
		{3F3C1C4A-2F02-4A9B-A4E6-30B4DC11703B}.Debug|Any CPU.ActiveCfg = Debug|Any CPU
		{3F3C1C4A-2F02-4A9B-A4E6-30B4DC11703B}.Debug|Any CPU.Build.0 = Debug|Any CPU
		{3F3C1C4A-2F02-4A9B-A4E6-30B4DC11703B}.Release|Any CPU.ActiveCfg = Release|Any CPU
		{3F3C1C4A-2F02-4A9B-A4E6-30B4DC11703B}.Release|Any CPU.Build.0 = Release|Any CPU
		{EF8A23DB-C82B-4974-BF88-D86EACE3BAD9}.Debug|Any CPU.ActiveCfg = Debug|Any CPU
		{EF8A23DB-C82B-4974-BF88-D86EACE3BAD9}.Debug|Any CPU.Build.0 = Debug|Any CPU
		{EF8A23DB-C82B-4974-BF88-D86EACE3BAD9}.Debug|Any CPU.Deploy.0 = Debug|Any CPU
		{EF8A23DB-C82B-4974-BF88-D86EACE3BAD9}.Release|Any CPU.ActiveCfg = Release|Any CPU
		{EF8A23DB-C82B-4974-BF88-D86EACE3BAD9}.Release|Any CPU.Build.0 = Release|Any CPU
		{EF8A23DB-C82B-4974-BF88-D86EACE3BAD9}.Release|Any CPU.Deploy.0 = Release|Any CPU
	EndGlobalSection
	GlobalSection(SolutionProperties) = preSolution
		HideSolutionNode = FALSE
	EndGlobalSection
	GlobalSection(ExtensibilityGlobals) = postSolution
		SolutionGuid = {D4B08ABE-D471-43EE-BF94-81045D42F879}
	EndGlobalSection
EndGlobal
